
Microsoft Visual Studio Solution File, Format Version 12.00
# Visual Studio Version 17
VisualStudioVersion = 17.0.31717.71
MinimumVisualStudioVersion = 10.0.40219.1
Project("{9A19103F-16F7-4668-BE54-9A1E7A4F7556}") = "Strategy Desing Pattern", "Strategy Desing Pattern\Strategy Desing Pattern.csproj", "{A1A1DD2C-63A5-4311-AAC9-64015E49F1A8}"
EndProject
Project("{FAE04EC0-301F-11D3-BF4B-00C04F79EFBC}") = "Another", "Another\Another.csproj", "{BC2EC5B7-4C28-42E8-BA6B-00B4B467FAB5}"
EndProject
Global
	GlobalSection(SolutionConfigurationPlatforms) = preSolution
		Debug|Any CPU = Debug|Any CPU
		Release|Any CPU = Release|Any CPU
	EndGlobalSection
	GlobalSection(ProjectConfigurationPlatforms) = postSolution
		{A1A1DD2C-63A5-4311-AAC9-64015E49F1A8}.Debug|Any CPU.ActiveCfg = Debug|Any CPU
		{A1A1DD2C-63A5-4311-AAC9-64015E49F1A8}.Debug|Any CPU.Build.0 = Debug|Any CPU
		{A1A1DD2C-63A5-4311-AAC9-64015E49F1A8}.Release|Any CPU.ActiveCfg = Release|Any CPU
		{A1A1DD2C-63A5-4311-AAC9-64015E49F1A8}.Release|Any CPU.Build.0 = Release|Any CPU
		{BC2EC5B7-4C28-42E8-BA6B-00B4B467FAB5}.Debug|Any CPU.ActiveCfg = Debug|Any CPU
		{BC2EC5B7-4C28-42E8-BA6B-00B4B467FAB5}.Debug|Any CPU.Build.0 = Debug|Any CPU
		{BC2EC5B7-4C28-42E8-BA6B-00B4B467FAB5}.Release|Any CPU.ActiveCfg = Release|Any CPU
		{BC2EC5B7-4C28-42E8-BA6B-00B4B467FAB5}.Release|Any CPU.Build.0 = Release|Any CPU
	EndGlobalSection
	GlobalSection(SolutionProperties) = preSolution
		HideSolutionNode = FALSE
	EndGlobalSection
	GlobalSection(ExtensibilityGlobals) = postSolution
		SolutionGuid = {54F959E4-9633-4D8E-BFEF-B461EE609B25}
	EndGlobalSection
EndGlobal
